{
  "name": "empty-project",
  "version": "0.0.0",
  "lockfileVersion": 2,
  "requires": true,
  "packages": {
    "": {
      "name": "empty-project",
      "version": "0.0.0",
      "dependencies": {
        "normalize.css": "^8.0.1",
        "universal-tilt.js": "^2.0.6",
        "vanilla-tilt": "^1.7.2"
      },
      "devDependencies": {
        "autoprefixer": "^10.4.2",
        "postcss-extend-rule": "^4.0.0",
        "postcss-import": "^14.0.2",
        "postcss-nesting": "^10.1.1",
        "postcss-normalize": "^10.0.1",
        "postcss-url": "^10.1.3",
        "vite": "^2.7.2"
      }
    },
    "node_modules/@csstools/normalize.css": {
      "version": "12.0.0",
      "dev": true,
      "license": "CC0-1.0"
    },
    "node_modules/autoprefixer": {
      "version": "10.4.2",
      "dev": true,
      "license": "MIT",
      "dependencies": {
        "browserslist": "^4.19.1",
        "caniuse-lite": "^1.0.30001297",
        "fraction.js": "^4.1.2",
        "normalize-range": "^0.1.2",
        "picocolors": "^1.0.0",
        "postcss-value-parser": "^4.2.0"
      },
      "bin": {
        "autoprefixer": "bin/autoprefixer"
      },
      "engines": {
        "node": "^10 || ^12 || >=14"
      },
      "funding": {
        "type": "opencollective",
        "url": "https://opencollective.com/postcss/"
      },
      "peerDependencies": {
        "postcss": "^8.1.0"
      }
    },
    "node_modules/balanced-match": {
      "version": "1.0.2",
      "dev": true,
      "license": "MIT"
    },
    "node_modules/brace-expansion": {
      "version": "1.1.11",
      "dev": true,
      "license": "MIT",
      "dependencies": {
        "balanced-match": "^1.0.0",
        "concat-map": "0.0.1"
      }
    },
    "node_modules/browserslist": {
      "version": "4.19.1",
      "dev": true,
      "license": "MIT",
      "dependencies": {
        "caniuse-lite": "^1.0.30001286",
        "electron-to-chromium": "^1.4.17",
        "escalade": "^3.1.1",
        "node-releases": "^2.0.1",
        "picocolors": "^1.0.0"
      },
      "bin": {
        "browserslist": "cli.js"
      },
      "engines": {
        "node": "^6 || ^7 || ^8 || ^9 || ^10 || ^11 || ^12 || >=13.7"
      },
      "funding": {
        "type": "opencollective",
        "url": "https://opencollective.com/browserslist"
      }
    },
    "node_modules/caniuse-lite": {
      "version": "1.0.30001298",
      "dev": true,
      "license": "CC-BY-4.0",
      "funding": {
        "type": "opencollective",
        "url": "https://opencollective.com/browserslist"
      }
    },
    "node_modules/concat-map": {
      "version": "0.0.1",
      "dev": true,
      "license": "MIT"
    },
    "node_modules/cssesc": {
      "version": "3.0.0",
      "dev": true,
      "license": "MIT",
      "bin": {
        "cssesc": "bin/cssesc"
      },
      "engines": {
        "node": ">=4"
      }
    },
    "node_modules/cuint": {
      "version": "0.2.2",
      "dev": true,
      "license": "MIT"
    },
    "node_modules/electron-to-chromium": {
      "version": "1.4.40",
      "dev": true,
      "license": "ISC"
    },
    "node_modules/esbuild": {
      "version": "0.13.15",
      "dev": true,
      "hasInstallScript": true,
      "license": "MIT",
      "bin": {
        "esbuild": "bin/esbuild"
      },
      "optionalDependencies": {
        "esbuild-android-arm64": "0.13.15",
        "esbuild-darwin-64": "0.13.15",
        "esbuild-darwin-arm64": "0.13.15",
        "esbuild-freebsd-64": "0.13.15",
        "esbuild-freebsd-arm64": "0.13.15",
        "esbuild-linux-32": "0.13.15",
        "esbuild-linux-64": "0.13.15",
        "esbuild-linux-arm": "0.13.15",
        "esbuild-linux-arm64": "0.13.15",
        "esbuild-linux-mips64le": "0.13.15",
        "esbuild-linux-ppc64le": "0.13.15",
        "esbuild-netbsd-64": "0.13.15",
        "esbuild-openbsd-64": "0.13.15",
        "esbuild-sunos-64": "0.13.15",
        "esbuild-windows-32": "0.13.15",
        "esbuild-windows-64": "0.13.15",
        "esbuild-windows-arm64": "0.13.15"
      }
    },
    "node_modules/esbuild-darwin-64": {
      "version": "0.13.15",
      "cpu": [
        "x64"
      ],
      "dev": true,
      "license": "MIT",
      "optional": true,
      "os": [
        "darwin"
      ]
    },
    "node_modules/escalade": {
      "version": "3.1.1",
      "dev": true,
      "license": "MIT",
      "engines": {
        "node": ">=6"
      }
    },
    "node_modules/fraction.js": {
      "version": "4.1.2",
      "dev": true,
      "license": "MIT",
      "engines": {
        "node": "*"
      },
      "funding": {
        "type": "patreon",
        "url": "https://www.patreon.com/infusion"
      }
    },
    "node_modules/fsevents": {
      "version": "2.3.2",
      "dev": true,
      "license": "MIT",
      "optional": true,
      "os": [
        "darwin"
      ],
      "engines": {
        "node": "^8.16.0 || ^10.6.0 || >=11.0.0"
      }
    },
    "node_modules/function-bind": {
      "version": "1.1.1",
      "dev": true,
      "license": "MIT"
    },
    "node_modules/has": {
      "version": "1.0.3",
      "dev": true,
      "license": "MIT",
      "dependencies": {
        "function-bind": "^1.1.1"
      },
      "engines": {
        "node": ">= 0.4.0"
      }
    },
    "node_modules/is-core-module": {
      "version": "2.8.1",
      "dev": true,
      "license": "MIT",
      "dependencies": {
        "has": "^1.0.3"
      },
      "funding": {
        "url": "https://github.com/sponsors/ljharb"
      }
    },
    "node_modules/make-dir": {
      "version": "3.1.0",
      "dev": true,
      "license": "MIT",
      "dependencies": {
        "semver": "^6.0.0"
      },
      "engines": {
        "node": ">=8"
      },
      "funding": {
        "url": "https://github.com/sponsors/sindresorhus"
      }
    },
    "node_modules/mime": {
      "version": "2.5.2",
      "dev": true,
      "license": "MIT",
      "bin": {
        "mime": "cli.js"
      },
      "engines": {
        "node": ">=4.0.0"
      }
    },
    "node_modules/minimatch": {
      "version": "3.0.4",
      "dev": true,
      "license": "ISC",
      "dependencies": {
        "brace-expansion": "^1.1.7"
      },
      "engines": {
        "node": "*"
      }
    },
    "node_modules/nanoid": {
      "version": "3.3.1",
      "resolved": "https://registry.npmjs.org/nanoid/-/nanoid-3.3.1.tgz",
      "integrity": "sha512-n6Vs/3KGyxPQd6uO0eH4Bv0ojGSUvuLlIHtC3Y0kEO23YRge8H9x1GCzLn28YX0H66pMkxuaeESFq4tKISKwdw==",
      "dev": true,
      "bin": {
        "nanoid": "bin/nanoid.cjs"
      },
      "engines": {
        "node": "^10 || ^12 || ^13.7 || ^14 || >=15.0.1"
      }
    },
    "node_modules/node-releases": {
      "version": "2.0.1",
      "dev": true,
      "license": "MIT"
    },
    "node_modules/normalize-range": {
      "version": "0.1.2",
      "dev": true,
      "license": "MIT",
      "engines": {
        "node": ">=0.10.0"
      }
    },
    "node_modules/normalize.css": {
      "version": "8.0.1",
      "resolved": "https://registry.npmjs.org/normalize.css/-/normalize.css-8.0.1.tgz",
      "integrity": "sha512-qizSNPO93t1YUuUhP22btGOo3chcvDFqFaj2TRybP0DMxkHOCTYwp3n34fel4a31ORXy4m1Xq0Gyqpb5m33qIg=="
    },
    "node_modules/path-parse": {
      "version": "1.0.7",
      "dev": true,
      "license": "MIT"
    },
    "node_modules/picocolors": {
      "version": "1.0.0",
      "dev": true,
      "license": "ISC"
    },
    "node_modules/pify": {
      "version": "2.3.0",
      "dev": true,
      "license": "MIT",
      "engines": {
        "node": ">=0.10.0"
      }
    },
    "node_modules/platform": {
      "version": "1.3.6",
      "resolved": "https://registry.npmjs.org/platform/-/platform-1.3.6.tgz",
      "integrity": "sha512-fnWVljUchTro6RiCFvCXBbNhJc2NijN7oIQxbwsyL0buWJPG85v81ehlHI9fXrJsMNgTofEoWIQeClKpgxFLrg=="
    },
    "node_modules/postcss": {
      "version": "8.4.6",
      "resolved": "https://registry.npmjs.org/postcss/-/postcss-8.4.6.tgz",
      "integrity": "sha512-OovjwIzs9Te46vlEx7+uXB0PLijpwjXGKXjVGGPIGubGpq7uh5Xgf6D6FiJ/SzJMBosHDp6a2hiXOS97iBXcaA==",
      "dev": true,
      "dependencies": {
        "nanoid": "^3.2.0",
        "picocolors": "^1.0.0",
        "source-map-js": "^1.0.2"
      },
      "engines": {
        "node": "^10 || ^12 || >=14"
      },
      "funding": {
        "type": "opencollective",
        "url": "https://opencollective.com/postcss/"
      }
    },
    "node_modules/postcss-browser-comments": {
      "version": "4.0.0",
      "dev": true,
      "license": "CC0-1.0",
      "engines": {
        "node": ">=8"
      },
      "peerDependencies": {
        "browserslist": ">=4",
        "postcss": ">=8"
      }
    },
    "node_modules/postcss-extend-rule": {
      "version": "4.0.0",
      "resolved": "https://registry.npmjs.org/postcss-extend-rule/-/postcss-extend-rule-4.0.0.tgz",
      "integrity": "sha512-3gjPWUDNYjkRjtcpoN8ppZRXG8vyAk4mYdkYOETacCkCLVguW5IpCXCO31cDk8SW2/rx0RogWcXm1Zu/EayDVg==",
      "dev": true,
      "dependencies": {
        "postcss-nesting": "^10.1.2"
      },
      "engines": {
        "node": "^12 || ^14 || >=16"
      },
      "peerDependencies": {
        "postcss": "^8.4.6"
      }
    },
    "node_modules/postcss-import": {
      "version": "14.0.2",
      "dev": true,
      "license": "MIT",
      "dependencies": {
        "postcss-value-parser": "^4.0.0",
        "read-cache": "^1.0.0",
        "resolve": "^1.1.7"
      },
      "engines": {
        "node": ">=10.0.0"
      },
      "peerDependencies": {
        "postcss": "^8.0.0"
      }
    },
    "node_modules/postcss-nesting": {
      "version": "10.1.2",
      "resolved": "https://registry.npmjs.org/postcss-nesting/-/postcss-nesting-10.1.2.tgz",
      "integrity": "sha512-dJGmgmsvpzKoVMtDMQQG/T6FSqs6kDtUDirIfl4KnjMCiY9/ETX8jdKyCd20swSRAbUYkaBKV20pxkzxoOXLqQ==",
      "dev": true,
      "dependencies": {
        "postcss-selector-parser": "^6.0.8"
      },
      "engines": {
        "node": "^12 || ^14 || >=16"
      },
      "peerDependencies": {
        "postcss": "^8.3"
      }
    },
    "node_modules/postcss-normalize": {
      "version": "10.0.1",
      "dev": true,
      "license": "CC0-1.0",
      "dependencies": {
        "@csstools/normalize.css": "*",
        "postcss-browser-comments": "^4",
        "sanitize.css": "*"
      },
      "engines": {
        "node": ">= 12"
      },
      "peerDependencies": {
        "browserslist": ">= 4",
        "postcss": ">= 8"
      }
    },
    "node_modules/postcss-selector-parser": {
      "version": "6.0.8",
      "dev": true,
      "license": "MIT",
      "dependencies": {
        "cssesc": "^3.0.0",
        "util-deprecate": "^1.0.2"
      },
      "engines": {
        "node": ">=4"
      }
    },
    "node_modules/postcss-url": {
      "version": "10.1.3",
      "dev": true,
      "license": "MIT",
      "dependencies": {
        "make-dir": "~3.1.0",
        "mime": "~2.5.2",
        "minimatch": "~3.0.4",
        "xxhashjs": "~0.2.2"
      },
      "engines": {
        "node": ">=10"
      },
      "peerDependencies": {
        "postcss": "^8.0.0"
      }
    },
    "node_modules/postcss-value-parser": {
      "version": "4.2.0",
      "dev": true,
      "license": "MIT"
    },
    "node_modules/read-cache": {
      "version": "1.0.0",
      "dev": true,
      "license": "MIT",
      "dependencies": {
        "pify": "^2.3.0"
      }
    },
    "node_modules/resolve": {
      "version": "1.21.0",
      "dev": true,
      "license": "MIT",
      "dependencies": {
        "is-core-module": "^2.8.0",
        "path-parse": "^1.0.7",
        "supports-preserve-symlinks-flag": "^1.0.0"
      },
      "bin": {
        "resolve": "bin/resolve"
      },
      "funding": {
        "url": "https://github.com/sponsors/ljharb"
      }
    },
    "node_modules/rollup": {
      "version": "2.63.0",
      "dev": true,
      "license": "MIT",
      "bin": {
        "rollup": "dist/bin/rollup"
      },
      "engines": {
        "node": ">=10.0.0"
      },
      "optionalDependencies": {
        "fsevents": "~2.3.2"
      }
    },
    "node_modules/sanitize.css": {
      "version": "13.0.0",
      "dev": true,
      "license": "CC0-1.0"
    },
    "node_modules/semver": {
      "version": "6.3.0",
      "dev": true,
      "license": "ISC",
      "bin": {
        "semver": "bin/semver.js"
      }
    },
    "node_modules/source-map-js": {
      "version": "1.0.2",
      "resolved": "https://registry.npmjs.org/source-map-js/-/source-map-js-1.0.2.tgz",
      "integrity": "sha512-R0XvVJ9WusLiqTCEiGCmICCMplcCkIwwR11mOSD9CR5u+IXYdiseeEuXCVAjS54zqwkLcPNnmU4OeJ6tUrWhDw==",
      "dev": true,
      "engines": {
        "node": ">=0.10.0"
      }
    },
    "node_modules/supports-preserve-symlinks-flag": {
      "version": "1.0.0",
      "dev": true,
      "license": "MIT",
      "engines": {
        "node": ">= 0.4"
      },
      "funding": {
        "url": "https://github.com/sponsors/ljharb"
      }
    },
    "node_modules/universal-tilt.js": {
      "version": "2.0.6",
      "resolved": "https://registry.npmjs.org/universal-tilt.js/-/universal-tilt.js-2.0.6.tgz",
      "integrity": "sha512-1d0BM4PaaaKgOfnX2rx0v5wk6oF2psxXnOzTLKLZloWVHzKNJnDW+bezZ6VshTKH9dbgiWFZG0yY71On/lxygA==",
      "dependencies": {
        "platform": "^1.3.5"
      }
    },
    "node_modules/util-deprecate": {
      "version": "1.0.2",
      "dev": true,
      "license": "MIT"
    },
    "node_modules/vanilla-tilt": {
      "version": "1.7.2",
      "resolved": "https://registry.npmjs.org/vanilla-tilt/-/vanilla-tilt-1.7.2.tgz",
      "integrity": "sha512-arf2wY2Y65rP6Zxve9PnUUnRl9nQ1KenPNae6QRaVq/PEvaIto2bC4jYirNJ19U7nLkzI1H9O+nYtcQlX7BTsA=="
    },
    "node_modules/vite": {
      "version": "2.7.10",
      "dev": true,
      "license": "MIT",
      "dependencies": {
        "esbuild": "^0.13.12",
        "postcss": "^8.4.5",
        "resolve": "^1.20.0",
        "rollup": "^2.59.0"
      },
      "bin": {
        "vite": "bin/vite.js"
      },
      "engines": {
        "node": ">=12.2.0"
      },
      "optionalDependencies": {
        "fsevents": "~2.3.2"
      },
      "peerDependencies": {
        "less": "*",
        "sass": "*",
        "stylus": "*"
      },
      "peerDependenciesMeta": {
        "less": {
          "optional": true
        },
        "sass": {
          "optional": true
        },
        "stylus": {
          "optional": true
        }
      }
    },
    "node_modules/xxhashjs": {
      "version": "0.2.2",
      "dev": true,
      "license": "MIT",
      "dependencies": {
        "cuint": "^0.2.2"
      }
    }
  },
  "dependencies": {
    "@csstools/normalize.css": {
      "version": "12.0.0",
      "dev": true
    },
    "autoprefixer": {
      "version": "10.4.2",
      "dev": true,
      "requires": {
        "browserslist": "^4.19.1",
        "caniuse-lite": "^1.0.30001297",
        "fraction.js": "^4.1.2",
        "normalize-range": "^0.1.2",
        "picocolors": "^1.0.0",
        "postcss-value-parser": "^4.2.0"
      }
    },
    "balanced-match": {
      "version": "1.0.2",
      "dev": true
    },
    "brace-expansion": {
      "version": "1.1.11",
      "dev": true,
      "requires": {
        "balanced-match": "^1.0.0",
        "concat-map": "0.0.1"
      }
    },
    "browserslist": {
      "version": "4.19.1",
      "dev": true,
      "requires": {
        "caniuse-lite": "^1.0.30001286",
        "electron-to-chromium": "^1.4.17",
        "escalade": "^3.1.1",
        "node-releases": "^2.0.1",
        "picocolors": "^1.0.0"
      }
    },
    "caniuse-lite": {
      "version": "1.0.30001298",
      "dev": true
    },
    "concat-map": {
      "version": "0.0.1",
      "dev": true
    },
    "cssesc": {
      "version": "3.0.0",
      "dev": true
    },
    "cuint": {
      "version": "0.2.2",
      "dev": true
    },
    "electron-to-chromium": {
      "version": "1.4.40",
      "dev": true
    },
    "esbuild": {
      "version": "0.13.15",
      "dev": true,
      "requires": {
        "esbuild-android-arm64": "0.13.15",
        "esbuild-darwin-64": "0.13.15",
        "esbuild-darwin-arm64": "0.13.15",
        "esbuild-freebsd-64": "0.13.15",
        "esbuild-freebsd-arm64": "0.13.15",
        "esbuild-linux-32": "0.13.15",
        "esbuild-linux-64": "0.13.15",
        "esbuild-linux-arm": "0.13.15",
        "esbuild-linux-arm64": "0.13.15",
        "esbuild-linux-mips64le": "0.13.15",
        "esbuild-linux-ppc64le": "0.13.15",
        "esbuild-netbsd-64": "0.13.15",
        "esbuild-openbsd-64": "0.13.15",
        "esbuild-sunos-64": "0.13.15",
        "esbuild-windows-32": "0.13.15",
        "esbuild-windows-64": "0.13.15",
        "esbuild-windows-arm64": "0.13.15"
      }
    },
    "esbuild-darwin-64": {
      "version": "0.13.15",
      "dev": true,
      "optional": true
    },
    "escalade": {
      "version": "3.1.1",
      "dev": true
    },
    "fraction.js": {
      "version": "4.1.2",
      "dev": true
    },
    "fsevents": {
      "version": "2.3.2",
      "dev": true,
      "optional": true
    },
    "function-bind": {
      "version": "1.1.1",
      "dev": true
    },
    "has": {
      "version": "1.0.3",
      "dev": true,
      "requires": {
        "function-bind": "^1.1.1"
      }
    },
    "is-core-module": {
      "version": "2.8.1",
      "dev": true,
      "requires": {
        "has": "^1.0.3"
      }
    },
    "make-dir": {
      "version": "3.1.0",
      "dev": true,
      "requires": {
        "semver": "^6.0.0"
      }
    },
    "mime": {
      "version": "2.5.2",
      "dev": true
    },
    "minimatch": {
      "version": "3.0.4",
      "dev": true,
      "requires": {
        "brace-expansion": "^1.1.7"
      }
    },
    "nanoid": {
      "version": "3.3.1",
      "resolved": "https://registry.npmjs.org/nanoid/-/nanoid-3.3.1.tgz",
      "integrity": "sha512-n6Vs/3KGyxPQd6uO0eH4Bv0ojGSUvuLlIHtC3Y0kEO23YRge8H9x1GCzLn28YX0H66pMkxuaeESFq4tKISKwdw==",
      "dev": true
    },
    "node-releases": {
      "version": "2.0.1",
      "dev": true
    },
    "normalize-range": {
      "version": "0.1.2",
      "dev": true
    },
    "normalize.css": {
      "version": "8.0.1",
      "resolved": "https://registry.npmjs.org/normalize.css/-/normalize.css-8.0.1.tgz",
      "integrity": "sha512-qizSNPO93t1YUuUhP22btGOo3chcvDFqFaj2TRybP0DMxkHOCTYwp3n34fel4a31ORXy4m1Xq0Gyqpb5m33qIg=="
    },
    "path-parse": {
      "version": "1.0.7",
      "dev": true
    },
    "picocolors": {
      "version": "1.0.0",
      "dev": true
    },
    "pify": {
      "version": "2.3.0",
      "dev": true
    },
    "platform": {
      "version": "1.3.6",
      "resolved": "https://registry.npmjs.org/platform/-/platform-1.3.6.tgz",
      "integrity": "sha512-fnWVljUchTro6RiCFvCXBbNhJc2NijN7oIQxbwsyL0buWJPG85v81ehlHI9fXrJsMNgTofEoWIQeClKpgxFLrg=="
    },
    "postcss": {
      "version": "8.4.6",
      "resolved": "https://registry.npmjs.org/postcss/-/postcss-8.4.6.tgz",
      "integrity": "sha512-OovjwIzs9Te46vlEx7+uXB0PLijpwjXGKXjVGGPIGubGpq7uh5Xgf6D6FiJ/SzJMBosHDp6a2hiXOS97iBXcaA==",
      "dev": true,
      "requires": {
        "nanoid": "^3.2.0",
        "picocolors": "^1.0.0",
        "source-map-js": "^1.0.2"
      }
    },
    "postcss-browser-comments": {
      "version": "4.0.0",
      "dev": true,
      "requires": {}
    },
    "postcss-extend-rule": {
      "version": "4.0.0",
      "resolved": "https://registry.npmjs.org/postcss-extend-rule/-/postcss-extend-rule-4.0.0.tgz",
      "integrity": "sha512-3gjPWUDNYjkRjtcpoN8ppZRXG8vyAk4mYdkYOETacCkCLVguW5IpCXCO31cDk8SW2/rx0RogWcXm1Zu/EayDVg==",
      "dev": true,
      "requires": {
        "postcss-nesting": "^10.1.2"
      }
    },
    "postcss-import": {
      "version": "14.0.2",
      "dev": true,
      "requires": {
        "postcss-value-parser": "^4.0.0",
        "read-cache": "^1.0.0",
        "resolve": "^1.1.7"
      }
    },
    "postcss-nesting": {
      "version": "10.1.2",
      "resolved": "https://registry.npmjs.org/postcss-nesting/-/postcss-nesting-10.1.2.tgz",
      "integrity": "sha512-dJGmgmsvpzKoVMtDMQQG/T6FSqs6kDtUDirIfl4KnjMCiY9/ETX8jdKyCd20swSRAbUYkaBKV20pxkzxoOXLqQ==",
      "dev": true,
      "requires": {
        "postcss-selector-parser": "^6.0.8"
      }
    },
    "postcss-normalize": {
      "version": "10.0.1",
      "dev": true,
      "requires": {
        "@csstools/normalize.css": "*",
        "postcss-browser-comments": "^4",
        "sanitize.css": "*"
      }
    },
    "postcss-selector-parser": {
      "version": "6.0.8",
      "dev": true,
      "requires": {
        "cssesc": "^3.0.0",
        "util-deprecate": "^1.0.2"
      }
    },
    "postcss-url": {
      "version": "10.1.3",
      "dev": true,
      "requires": {
        "make-dir": "~3.1.0",
        "mime": "~2.5.2",
        "minimatch": "~3.0.4",
        "xxhashjs": "~0.2.2"
      }
    },
    "postcss-value-parser": {
      "version": "4.2.0",
      "dev": true
    },
    "read-cache": {
      "version": "1.0.0",
      "dev": true,
      "requires": {
        "pify": "^2.3.0"
      }
    },
    "resolve": {
      "version": "1.21.0",
      "dev": true,
      "requires": {
        "is-core-module": "^2.8.0",
        "path-parse": "^1.0.7",
        "supports-preserve-symlinks-flag": "^1.0.0"
      }
    },
    "rollup": {
      "version": "2.63.0",
      "dev": true,
      "requires": {
        "fsevents": "~2.3.2"
      }
    },
    "sanitize.css": {
      "version": "13.0.0",
      "dev": true
    },
    "semver": {
      "version": "6.3.0",
      "dev": true
    },
    "source-map-js": {
      "version": "1.0.2",
      "resolved": "https://registry.npmjs.org/source-map-js/-/source-map-js-1.0.2.tgz",
      "integrity": "sha512-R0XvVJ9WusLiqTCEiGCmICCMplcCkIwwR11mOSD9CR5u+IXYdiseeEuXCVAjS54zqwkLcPNnmU4OeJ6tUrWhDw==",
      "dev": true
    },
    "supports-preserve-symlinks-flag": {
      "version": "1.0.0",
      "dev": true
    },
    "universal-tilt.js": {
      "version": "2.0.6",
      "resolved": "https://registry.npmjs.org/universal-tilt.js/-/universal-tilt.js-2.0.6.tgz",
      "integrity": "sha512-1d0BM4PaaaKgOfnX2rx0v5wk6oF2psxXnOzTLKLZloWVHzKNJnDW+bezZ6VshTKH9dbgiWFZG0yY71On/lxygA==",
      "requires": {
        "platform": "^1.3.5"
      }
    },
    "util-deprecate": {
      "version": "1.0.2",
      "dev": true
    },
    "vanilla-tilt": {
      "version": "1.7.2",
      "resolved": "https://registry.npmjs.org/vanilla-tilt/-/vanilla-tilt-1.7.2.tgz",
      "integrity": "sha512-arf2wY2Y65rP6Zxve9PnUUnRl9nQ1KenPNae6QRaVq/PEvaIto2bC4jYirNJ19U7nLkzI1H9O+nYtcQlX7BTsA=="
    },
    "vite": {
      "version": "2.7.10",
      "dev": true,
      "requires": {
        "esbuild": "^0.13.12",
        "fsevents": "~2.3.2",
        "postcss": "^8.4.5",
        "resolve": "^1.20.0",
        "rollup": "^2.59.0"
      }
    },
    "xxhashjs": {
      "version": "0.2.2",
      "dev": true,
      "requires": {
        "cuint": "^0.2.2"
      }
    }
  }
}
